
Microsoft Visual Studio Solution File, Format Version 12.00
# Visual Studio 15
VisualStudioVersion = 15.0.26124.0
MinimumVisualStudioVersion = 15.0.26124.0
Project("{2150E333-8FDC-42A3-9474-1A3956D46DE8}") = "src", "src", "{F10FBF27-80A8-4424-9035-AAC5A18F8BAC}"
EndProject
Project("{FAE04EC0-301F-11D3-BF4B-00C04F79EFBC}") = "Identity", "src\Identity\Identity.csproj", "{89EB7A26-D0F0-4A6B-A1CB-E435734B204E}"
EndProject
Project("{FAE04EC0-301F-11D3-BF4B-00C04F79EFBC}") = "IdentityServer", "src\IdentityServer\IdentityServer.csproj", "{64B68230-0D15-4B8E-9E6C-437B322C9504}"
EndProject
Project("{FAE04EC0-301F-11D3-BF4B-00C04F79EFBC}") = "SocialNetworkAPI", "src\SocialNetworkAPI\SocialNetworkAPI.csproj", "{03E4FF48-98BD-4B01-903C-C5A74E56FB94}"
EndProject
Global
	GlobalSection(SolutionConfigurationPlatforms) = preSolution
		Debug|Any CPU = Debug|Any CPU
		Debug|x64 = Debug|x64
		Debug|x86 = Debug|x86
		Release|Any CPU = Release|Any CPU
		Release|x64 = Release|x64
		Release|x86 = Release|x86
	EndGlobalSection
	GlobalSection(SolutionProperties) = preSolution
		HideSolutionNode = FALSE
	EndGlobalSection
	GlobalSection(ProjectConfigurationPlatforms) = postSolution
		{89EB7A26-D0F0-4A6B-A1CB-E435734B204E}.Debug|Any CPU.ActiveCfg = Debug|Any CPU
		{89EB7A26-D0F0-4A6B-A1CB-E435734B204E}.Debug|Any CPU.Build.0 = Debug|Any CPU
		{89EB7A26-D0F0-4A6B-A1CB-E435734B204E}.Debug|x64.ActiveCfg = Debug|Any CPU
		{89EB7A26-D0F0-4A6B-A1CB-E435734B204E}.Debug|x64.Build.0 = Debug|Any CPU
		{89EB7A26-D0F0-4A6B-A1CB-E435734B204E}.Debug|x86.ActiveCfg = Debug|Any CPU
		{89EB7A26-D0F0-4A6B-A1CB-E435734B204E}.Debug|x86.Build.0 = Debug|Any CPU
		{89EB7A26-D0F0-4A6B-A1CB-E435734B204E}.Release|Any CPU.ActiveCfg = Release|Any CPU
		{89EB7A26-D0F0-4A6B-A1CB-E435734B204E}.Release|Any CPU.Build.0 = Release|Any CPU
		{89EB7A26-D0F0-4A6B-A1CB-E435734B204E}.Release|x64.ActiveCfg = Release|Any CPU
		{89EB7A26-D0F0-4A6B-A1CB-E435734B204E}.Release|x64.Build.0 = Release|Any CPU
		{89EB7A26-D0F0-4A6B-A1CB-E435734B204E}.Release|x86.ActiveCfg = Release|Any CPU
		{89EB7A26-D0F0-4A6B-A1CB-E435734B204E}.Release|x86.Build.0 = Release|Any CPU
		{64B68230-0D15-4B8E-9E6C-437B322C9504}.Debug|Any CPU.ActiveCfg = Debug|Any CPU
		{64B68230-0D15-4B8E-9E6C-437B322C9504}.Debug|Any CPU.Build.0 = Debug|Any CPU
		{64B68230-0D15-4B8E-9E6C-437B322C9504}.Debug|x64.ActiveCfg = Debug|Any CPU
		{64B68230-0D15-4B8E-9E6C-437B322C9504}.Debug|x64.Build.0 = Debug|Any CPU
		{64B68230-0D15-4B8E-9E6C-437B322C9504}.Debug|x86.ActiveCfg = Debug|Any CPU
		{64B68230-0D15-4B8E-9E6C-437B322C9504}.Debug|x86.Build.0 = Debug|Any CPU
		{64B68230-0D15-4B8E-9E6C-437B322C9504}.Release|Any CPU.ActiveCfg = Release|Any CPU
		{64B68230-0D15-4B8E-9E6C-437B322C9504}.Release|Any CPU.Build.0 = Release|Any CPU
		{64B68230-0D15-4B8E-9E6C-437B322C9504}.Release|x64.ActiveCfg = Release|Any CPU
		{64B68230-0D15-4B8E-9E6C-437B322C9504}.Release|x64.Build.0 = Release|Any CPU
		{64B68230-0D15-4B8E-9E6C-437B322C9504}.Release|x86.ActiveCfg = Release|Any CPU
		{64B68230-0D15-4B8E-9E6C-437B322C9504}.Release|x86.Build.0 = Release|Any CPU
		{03E4FF48-98BD-4B01-903C-C5A74E56FB94}.Debug|Any CPU.ActiveCfg = Debug|Any CPU
		{03E4FF48-98BD-4B01-903C-C5A74E56FB94}.Debug|Any CPU.Build.0 = Debug|Any CPU
		{03E4FF48-98BD-4B01-903C-C5A74E56FB94}.Debug|x64.ActiveCfg = Debug|Any CPU
		{03E4FF48-98BD-4B01-903C-C5A74E56FB94}.Debug|x64.Build.0 = Debug|Any CPU
		{03E4FF48-98BD-4B01-903C-C5A74E56FB94}.Debug|x86.ActiveCfg = Debug|Any CPU
		{03E4FF48-98BD-4B01-903C-C5A74E56FB94}.Debug|x86.Build.0 = Debug|Any CPU
		{03E4FF48-98BD-4B01-903C-C5A74E56FB94}.Release|Any CPU.ActiveCfg = Release|Any CPU
		{03E4FF48-98BD-4B01-903C-C5A74E56FB94}.Release|Any CPU.Build.0 = Release|Any CPU
		{03E4FF48-98BD-4B01-903C-C5A74E56FB94}.Release|x64.ActiveCfg = Release|Any CPU
		{03E4FF48-98BD-4B01-903C-C5A74E56FB94}.Release|x64.Build.0 = Release|Any CPU
		{03E4FF48-98BD-4B01-903C-C5A74E56FB94}.Release|x86.ActiveCfg = Release|Any CPU
		{03E4FF48-98BD-4B01-903C-C5A74E56FB94}.Release|x86.Build.0 = Release|Any CPU
	EndGlobalSection
	GlobalSection(NestedProjects) = preSolution
		{89EB7A26-D0F0-4A6B-A1CB-E435734B204E} = {F10FBF27-80A8-4424-9035-AAC5A18F8BAC}
		{64B68230-0D15-4B8E-9E6C-437B322C9504} = {F10FBF27-80A8-4424-9035-AAC5A18F8BAC}
		{03E4FF48-98BD-4B01-903C-C5A74E56FB94} = {F10FBF27-80A8-4424-9035-AAC5A18F8BAC}
	EndGlobalSection
EndGlobal
